// !$*UTF8*$!
{
	archiveVersion = 1;
	classes = {
	};
	objectVersion = 50;
	objects = {

/* Begin PBXBuildFile section */
		02E13D3D2456AE5900B53D83 /* AppDelegate.swift in Sources */ = {isa = PBXBuildFile; fileRef = 02E13D3C2456AE5900B53D83 /* AppDelegate.swift */; };
		02E13D3F2456AE5900B53D83 /* SceneDelegate.swift in Sources */ = {isa = PBXBuildFile; fileRef = 02E13D3E2456AE5900B53D83 /* SceneDelegate.swift */; };
		02E13D412456AE5900B53D83 /* ViewController.swift in Sources */ = {isa = PBXBuildFile; fileRef = 02E13D402456AE5900B53D83 /* ViewController.swift */; };
		02E13D442456AE5900B53D83 /* Main.storyboard in Resources */ = {isa = PBXBuildFile; fileRef = 02E13D422456AE5900B53D83 /* Main.storyboard */; };
		02E13D462456AE5E00B53D83 /* Assets.xcassets in Resources */ = {isa = PBXBuildFile; fileRef = 02E13D452456AE5E00B53D83 /* Assets.xcassets */; };
		02E13D492456AE5E00B53D83 /* LaunchScreen.storyboard in Resources */ = {isa = PBXBuildFile; fileRef = 02E13D472456AE5E00B53D83 /* LaunchScreen.storyboard */; };
		02E13D542456AE5E00B53D83 /* SliderTests.swift in Sources */ = {isa = PBXBuildFile; fileRef = 02E13D532456AE5E00B53D83 /* SliderTests.swift */; };
		02E13D5F2456AE5E00B53D83 /* SliderUITests.swift in Sources */ = {isa = PBXBuildFile; fileRef = 02E13D5E2456AE5E00B53D83 /* SliderUITests.swift */; };
		02E13D6D2456B60700B53D83 /* MenuViewController.swift in Sources */ = {isa = PBXBuildFile; fileRef = 02E13D6C2456B60700B53D83 /* MenuViewController.swift */; };
		02E13D6F2456B61F00B53D83 /* MainViewController.swift in Sources */ = {isa = PBXBuildFile; fileRef = 02E13D6E2456B61F00B53D83 /* MainViewController.swift */; };
		02E13D732456E11600B53D83 /* CustomViewController.swift in Sources */ = {isa = PBXBuildFile; fileRef = 02E13D722456E11600B53D83 /* CustomViewController.swift */; };
		02E13D752456E27600B53D83 /* HomeViewController.swift in Sources */ = {isa = PBXBuildFile; fileRef = 02E13D742456E27600B53D83 /* HomeViewController.swift */; };
		02E13D772456E28C00B53D83 /* NotificationsViewController.swift in Sources */ = {isa = PBXBuildFile; fileRef = 02E13D762456E28C00B53D83 /* NotificationsViewController.swift */; };
/* End PBXBuildFile section */

/* Begin PBXContainerItemProxy section */
		02E13D502456AE5E00B53D83 /* PBXContainerItemProxy */ = {
			isa = PBXContainerItemProxy;
			containerPortal = 02E13D312456AE5900B53D83 /* Project object */;
			proxyType = 1;
			remoteGlobalIDString = 02E13D382456AE5900B53D83;
			remoteInfo = Slider;
		};
		02E13D5B2456AE5E00B53D83 /* PBXContainerItemProxy */ = {
			isa = PBXContainerItemProxy;
			containerPortal = 02E13D312456AE5900B53D83 /* Project object */;
			proxyType = 1;
			remoteGlobalIDString = 02E13D382456AE5900B53D83;
			remoteInfo = Slider;
		};
/* End PBXContainerItemProxy section */

/* Begin PBXFileReference section */
		02E13D392456AE5900B53D83 /* Slider.app */ = {isa = PBXFileReference; explicitFileType = wrapper.application; includeInIndex = 0; path = Slider.app; sourceTree = BUILT_PRODUCTS_DIR; };
		02E13D3C2456AE5900B53D83 /* AppDelegate.swift */ = {isa = PBXFileReference; lastKnownFileType = sourcecode.swift; path = AppDelegate.swift; sourceTree = "<group>"; };
		02E13D3E2456AE5900B53D83 /* SceneDelegate.swift */ = {isa = PBXFileReference; lastKnownFileType = sourcecode.swift; path = SceneDelegate.swift; sourceTree = "<group>"; };
		02E13D402456AE5900B53D83 /* ViewController.swift */ = {isa = PBXFileReference; lastKnownFileType = sourcecode.swift; path = ViewController.swift; sourceTree = "<group>"; };
		02E13D432456AE5900B53D83 /* Base */ = {isa = PBXFileReference; lastKnownFileType = file.storyboard; name = Base; path = Base.lproj/Main.storyboard; sourceTree = "<group>"; };
		02E13D452456AE5E00B53D83 /* Assets.xcassets */ = {isa = PBXFileReference; lastKnownFileType = folder.assetcatalog; path = Assets.xcassets; sourceTree = "<group>"; };
		02E13D482456AE5E00B53D83 /* Base */ = {isa = PBXFileReference; lastKnownFileType = file.storyboard; name = Base; path = Base.lproj/LaunchScreen.storyboard; sourceTree = "<group>"; };
		02E13D4A2456AE5E00B53D83 /* Info.plist */ = {isa = PBXFileReference; lastKnownFileType = text.plist.xml; path = Info.plist; sourceTree = "<group>"; };
		02E13D4F2456AE5E00B53D83 /* SliderTests.xctest */ = {isa = PBXFileReference; explicitFileType = wrapper.cfbundle; includeInIndex = 0; path = SliderTests.xctest; sourceTree = BUILT_PRODUCTS_DIR; };
		02E13D532456AE5E00B53D83 /* SliderTests.swift */ = {isa = PBXFileReference; lastKnownFileType = sourcecode.swift; path = SliderTests.swift; sourceTree = "<group>"; };
		02E13D552456AE5E00B53D83 /* Info.plist */ = {isa = PBXFileReference; lastKnownFileType = text.plist.xml; path = Info.plist; sourceTree = "<group>"; };
		02E13D5A2456AE5E00B53D83 /* SliderUITests.xctest */ = {isa = PBXFileReference; explicitFileType = wrapper.cfbundle; includeInIndex = 0; path = SliderUITests.xctest; sourceTree = BUILT_PRODUCTS_DIR; };
		02E13D5E2456AE5E00B53D83 /* SliderUITests.swift */ = {isa = PBXFileReference; lastKnownFileType = sourcecode.swift; path = SliderUITests.swift; sourceTree = "<group>"; };
		02E13D602456AE5E00B53D83 /* Info.plist */ = {isa = PBXFileReference; lastKnownFileType = text.plist.xml; path = Info.plist; sourceTree = "<group>"; };
		02E13D6C2456B60700B53D83 /* MenuViewController.swift */ = {isa = PBXFileReference; lastKnownFileType = sourcecode.swift; path = MenuViewController.swift; sourceTree = "<group>"; };
		02E13D6E2456B61F00B53D83 /* MainViewController.swift */ = {isa = PBXFileReference; lastKnownFileType = sourcecode.swift; path = MainViewController.swift; sourceTree = "<group>"; };
		02E13D722456E11600B53D83 /* CustomViewController.swift */ = {isa = PBXFileReference; lastKnownFileType = sourcecode.swift; path = CustomViewController.swift; sourceTree = "<group>"; };
		02E13D742456E27600B53D83 /* HomeViewController.swift */ = {isa = PBXFileReference; lastKnownFileType = sourcecode.swift; path = HomeViewController.swift; sourceTree = "<group>"; };
		02E13D762456E28C00B53D83 /* NotificationsViewController.swift */ = {isa = PBXFileReference; lastKnownFileType = sourcecode.swift; path = NotificationsViewController.swift; sourceTree = "<group>"; };
/* End PBXFileReference section */

/* Begin PBXFrameworksBuildPhase section */
		02E13D362456AE5900B53D83 /* Frameworks */ = {
			isa = PBXFrameworksBuildPhase;
			buildActionMask = 2147483647;
			files = (
			);
			runOnlyForDeploymentPostprocessing = 0;
		};
		02E13D4C2456AE5E00B53D83 /* Frameworks */ = {
			isa = PBXFrameworksBuildPhase;
			buildActionMask = 2147483647;
			files = (
			);
			runOnlyForDeploymentPostprocessing = 0;
		};
		02E13D572456AE5E00B53D83 /* Frameworks */ = {
			isa = PBXFrameworksBuildPhase;
			buildActionMask = 2147483647;
			files = (
			);
			runOnlyForDeploymentPostprocessing = 0;
		};
/* End PBXFrameworksBuildPhase section */

/* Begin PBXGroup section */
		02E13D302456AE5900B53D83 = {
			isa = PBXGroup;
			children = (
				02E13D3B2456AE5900B53D83 /* Slider */,
				02E13D522456AE5E00B53D83 /* SliderTests */,
				02E13D5D2456AE5E00B53D83 /* SliderUITests */,
				02E13D3A2456AE5900B53D83 /* Products */,
			);
			sourceTree = "<group>";
		};
		02E13D3A2456AE5900B53D83 /* Products */ = {
			isa = PBXGroup;
			children = (
				02E13D392456AE5900B53D83 /* Slider.app */,
				02E13D4F2456AE5E00B53D83 /* SliderTests.xctest */,
				02E13D5A2456AE5E00B53D83 /* SliderUITests.xctest */,
			);
			name = Products;
			sourceTree = "<group>";
		};
		02E13D3B2456AE5900B53D83 /* Slider */ = {
			isa = PBXGroup;
			children = (
				02E13D3C2456AE5900B53D83 /* AppDelegate.swift */,
				02E13D3E2456AE5900B53D83 /* SceneDelegate.swift */,
				02E13D402456AE5900B53D83 /* ViewController.swift */,
				02E13D422456AE5900B53D83 /* Main.storyboard */,
				02E13D742456E27600B53D83 /* HomeViewController.swift */,
				02E13D762456E28C00B53D83 /* NotificationsViewController.swift */,
				02E13D722456E11600B53D83 /* CustomViewController.swift */,
				02E13D6C2456B60700B53D83 /* MenuViewController.swift */,
				02E13D6E2456B61F00B53D83 /* MainViewController.swift */,
				02E13D452456AE5E00B53D83 /* Assets.xcassets */,
				02E13D472456AE5E00B53D83 /* LaunchScreen.storyboard */,
				02E13D4A2456AE5E00B53D83 /* Info.plist */,
			);
			path = Slider;
			sourceTree = "<group>";
		};
		02E13D522456AE5E00B53D83 /* SliderTests */ = {
			isa = PBXGroup;
			children = (
				02E13D532456AE5E00B53D83 /* SliderTests.swift */,
				02E13D552456AE5E00B53D83 /* Info.plist */,
			);
			path = SliderTests;
			sourceTree = "<group>";
		};
		02E13D5D2456AE5E00B53D83 /* SliderUITests */ = {
			isa = PBXGroup;
			children = (
				02E13D5E2456AE5E00B53D83 /* SliderUITests.swift */,
				02E13D602456AE5E00B53D83 /* Info.plist */,
			);
			path = SliderUITests;
			sourceTree = "<group>";
		};
/* End PBXGroup section */

/* Begin PBXNativeTarget section */
		02E13D382456AE5900B53D83 /* Slider */ = {
			isa = PBXNativeTarget;
			buildConfigurationList = 02E13D632456AE5E00B53D83 /* Build configuration list for PBXNativeTarget "Slider" */;
			buildPhases = (
				02E13D352456AE5900B53D83 /* Sources */,
				02E13D362456AE5900B53D83 /* Frameworks */,
				02E13D372456AE5900B53D83 /* Resources */,
			);
			buildRules = (
			);
			dependencies = (
			);
			name = Slider;
			productName = Slider;
			productReference = 02E13D392456AE5900B53D83 /* Slider.app */;
			productType = "com.apple.product-type.application";
		};
		02E13D4E2456AE5E00B53D83 /* SliderTests */ = {
			isa = PBXNativeTarget;
			buildConfigurationList = 02E13D662456AE5E00B53D83 /* Build configuration list for PBXNativeTarget "SliderTests" */;
			buildPhases = (
				02E13D4B2456AE5E00B53D83 /* Sources */,
				02E13D4C2456AE5E00B53D83 /* Frameworks */,
				02E13D4D2456AE5E00B53D83 /* Resources */,
			);
			buildRules = (
			);
			dependencies = (
				02E13D512456AE5E00B53D83 /* PBXTargetDependency */,
			);
			name = SliderTests;
			productName = SliderTests;
			productReference = 02E13D4F2456AE5E00B53D83 /* SliderTests.xctest */;
			productType = "com.apple.product-type.bundle.unit-test";
		};
		02E13D592456AE5E00B53D83 /* SliderUITests */ = {
			isa = PBXNativeTarget;
			buildConfigurationList = 02E13D692456AE5E00B53D83 /* Build configuration list for PBXNativeTarget "SliderUITests" */;
			buildPhases = (
				02E13D562456AE5E00B53D83 /* Sources */,
				02E13D572456AE5E00B53D83 /* Frameworks */,
				02E13D582456AE5E00B53D83 /* Resources */,
			);
			buildRules = (
			);
			dependencies = (
				02E13D5C2456AE5E00B53D83 /* PBXTargetDependency */,
			);
			name = SliderUITests;
			productName = SliderUITests;
			productReference = 02E13D5A2456AE5E00B53D83 /* SliderUITests.xctest */;
			productType = "com.apple.product-type.bundle.ui-testing";
		};
/* End PBXNativeTarget section */

/* Begin PBXProject section */
		02E13D312456AE5900B53D83 /* Project object */ = {
			isa = PBXProject;
			attributes = {
				LastSwiftUpdateCheck = 1130;
				LastUpgradeCheck = 1130;
				ORGANIZATIONNAME = "Michael Amiro";
				TargetAttributes = {
					02E13D382456AE5900B53D83 = {
						CreatedOnToolsVersion = 11.3;
					};
					02E13D4E2456AE5E00B53D83 = {
						CreatedOnToolsVersion = 11.3;
						TestTargetID = 02E13D382456AE5900B53D83;
					};
					02E13D592456AE5E00B53D83 = {
						CreatedOnToolsVersion = 11.3;
						TestTargetID = 02E13D382456AE5900B53D83;
					};
				};
			};
			buildConfigurationList = 02E13D342456AE5900B53D83 /* Build configuration list for PBXProject "Slider" */;
			compatibilityVersion = "Xcode 9.3";
			developmentRegion = en;
			hasScannedForEncodings = 0;
			knownRegions = (
				en,
				Base,
			);
			mainGroup = 02E13D302456AE5900B53D83;
			productRefGroup = 02E13D3A2456AE5900B53D83 /* Products */;
			projectDirPath = "";
			projectRoot = "";
			targets = (
				02E13D382456AE5900B53D83 /* Slider */,
				02E13D4E2456AE5E00B53D83 /* SliderTests */,
				02E13D592456AE5E00B53D83 /* SliderUITests */,
			);
		};
/* End PBXProject section */

/* Begin PBXResourcesBuildPhase section */
		02E13D372456AE5900B53D83 /* Resources */ = {
			isa = PBXResourcesBuildPhase;
			buildActionMask = 2147483647;
			files = (
				02E13D492456AE5E00B53D83 /* LaunchScreen.storyboard in Resources */,
				02E13D462456AE5E00B53D83 /* Assets.xcassets in Resources */,
				02E13D442456AE5900B53D83 /* Main.storyboard in Resources */,
			);
			runOnlyForDeploymentPostprocessing = 0;
		};
		02E13D4D2456AE5E00B53D83 /* Resources */ = {
			isa = PBXResourcesBuildPhase;
			buildActionMask = 2147483647;
			files = (
			);
			runOnlyForDeploymentPostprocessing = 0;
		};
		02E13D582456AE5E00B53D83 /* Resources */ = {
			isa = PBXResourcesBuildPhase;
			buildActionMask = 2147483647;
			files = (
			);
			runOnlyForDeploymentPostprocessing = 0;
		};
/* End PBXResourcesBuildPhase section */

/* Begin PBXSourcesBuildPhase section */
		02E13D352456AE5900B53D83 /* Sources */ = {
			isa = PBXSourcesBuildPhase;
			buildActionMask = 2147483647;
			files = (
				02E13D772456E28C00B53D83 /* NotificationsViewController.swift in Sources */,
				02E13D412456AE5900B53D83 /* ViewController.swift in Sources */,
				02E13D732456E11600B53D83 /* CustomViewController.swift in Sources */,
				02E13D3D2456AE5900B53D83 /* AppDelegate.swift in Sources */,
				02E13D752456E27600B53D83 /* HomeViewController.swift in Sources */,
				02E13D3F2456AE5900B53D83 /* SceneDelegate.swift in Sources */,
				02E13D6D2456B60700B53D83 /* MenuViewController.swift in Sources */,
				02E13D6F2456B61F00B53D83 /* MainViewController.swift in Sources */,
			);
			runOnlyForDeploymentPostprocessing = 0;
		};
		02E13D4B2456AE5E00B53D83 /* Sources */ = {
			isa = PBXSourcesBuildPhase;
			buildActionMask = 2147483647;
			files = (
				02E13D542456AE5E00B53D83 /* SliderTests.swift in Sources */,
			);
			runOnlyForDeploymentPostprocessing = 0;
		};
		02E13D562456AE5E00B53D83 /* Sources */ = {
			isa = PBXSourcesBuildPhase;
			buildActionMask = 2147483647;
			files = (
				02E13D5F2456AE5E00B53D83 /* SliderUITests.swift in Sources */,
			);
			runOnlyForDeploymentPostprocessing = 0;
		};
/* End PBXSourcesBuildPhase section */

/* Begin PBXTargetDependency section */
		02E13D512456AE5E00B53D83 /* PBXTargetDependency */ = {
			isa = PBXTargetDependency;
			target = 02E13D382456AE5900B53D83 /* Slider */;
			targetProxy = 02E13D502456AE5E00B53D83 /* PBXContainerItemProxy */;
		};
		02E13D5C2456AE5E00B53D83 /* PBXTargetDependency */ = {
			isa = PBXTargetDependency;
			target = 02E13D382456AE5900B53D83 /* Slider */;
			targetProxy = 02E13D5B2456AE5E00B53D83 /* PBXContainerItemProxy */;
		};
/* End PBXTargetDependency section */

/* Begin PBXVariantGroup section */
		02E13D422456AE5900B53D83 /* Main.storyboard */ = {
			isa = PBXVariantGroup;
			children = (
				02E13D432456AE5900B53D83 /* Base */,
			);
			name = Main.storyboard;
			sourceTree = "<group>";
		};
		02E13D472456AE5E00B53D83 /* LaunchScreen.storyboard */ = {
			isa = PBXVariantGroup;
			children = (
				02E13D482456AE5E00B53D83 /* Base */,
			);
			name = LaunchScreen.storyboard;
			sourceTree = "<group>";
		};
/* End PBXVariantGroup section */

/* Begin XCBuildConfiguration section */
		02E13D612456AE5E00B53D83 /* Debug */ = {
			isa = XCBuildConfiguration;
			buildSettings = {
				ALWAYS_SEARCH_USER_PATHS = NO;
				CLANG_ANALYZER_NONNULL = YES;
				CLANG_ANALYZER_NUMBER_OBJECT_CONVERSION = YES_AGGRESSIVE;
				CLANG_CXX_LANGUAGE_STANDARD = "gnu++14";
				CLANG_CXX_LIBRARY = "libc++";
				CLANG_ENABLE_MODULES = YES;
				CLANG_ENABLE_OBJC_ARC = YES;
				CLANG_ENABLE_OBJC_WEAK = YES;
				CLANG_WARN_BLOCK_CAPTURE_AUTORELEASING = YES;
				CLANG_WARN_BOOL_CONVERSION = YES;
				CLANG_WARN_COMMA = YES;
				CLANG_WARN_CONSTANT_CONVERSION = YES;
				CLANG_WARN_DEPRECATED_OBJC_IMPLEMENTATIONS = YES;
				CLANG_WARN_DIRECT_OBJC_ISA_USAGE = YES_ERROR;
				CLANG_WARN_DOCUMENTATION_COMMENTS = YES;
				CLANG_WARN_EMPTY_BODY = YES;
				CLANG_WARN_ENUM_CONVERSION = YES;
				CLANG_WARN_INFINITE_RECURSION = YES;
				CLANG_WARN_INT_CONVERSION = YES;
				CLANG_WARN_NON_LITERAL_NULL_CONVERSION = YES;
				CLANG_WARN_OBJC_IMPLICIT_RETAIN_SELF = YES;
				CLANG_WARN_OBJC_LITERAL_CONVERSION = YES;
				CLANG_WARN_OBJC_ROOT_CLASS = YES_ERROR;
				CLANG_WARN_RANGE_LOOP_ANALYSIS = YES;
				CLANG_WARN_STRICT_PROTOTYPES = YES;
				CLANG_WARN_SUSPICIOUS_MOVE = YES;
				CLANG_WARN_UNGUARDED_AVAILABILITY = YES_AGGRESSIVE;
				CLANG_WARN_UNREACHABLE_CODE = YES;
				CLANG_WARN__DUPLICATE_METHOD_MATCH = YES;
				COPY_PHASE_STRIP = NO;
				DEBUG_INFORMATION_FORMAT = dwarf;
				ENABLE_STRICT_OBJC_MSGSEND = YES;
				ENABLE_TESTABILITY = YES;
				GCC_C_LANGUAGE_STANDARD = gnu11;
				GCC_DYNAMIC_NO_PIC = NO;
				GCC_NO_COMMON_BLOCKS = YES;
				GCC_OPTIMIZATION_LEVEL = 0;
				GCC_PREPROCESSOR_DEFINITIONS = (
					"DEBUG=1",
					"$(inherited)",
				);
				GCC_WARN_64_TO_32_BIT_CONVERSION = YES;
				GCC_WARN_ABOUT_RETURN_TYPE = YES_ERROR;
				GCC_WARN_UNDECLARED_SELECTOR = YES;
				GCC_WARN_UNINITIALIZED_AUTOS = YES_AGGRESSIVE;
				GCC_WARN_UNUSED_FUNCTION = YES;
				GCC_WARN_UNUSED_VARIABLE = YES;
				IPHONEOS_DEPLOYMENT_TARGET = 13.2;
				MTL_ENABLE_DEBUG_INFO = INCLUDE_SOURCE;
				MTL_FAST_MATH = YES;
				ONLY_ACTIVE_ARCH = YES;
				SDKROOT = iphoneos;
				SWIFT_ACTIVE_COMPILATION_CONDITIONS = DEBUG;
				SWIFT_OPTIMIZATION_LEVEL = "-Onone";
			};
			name = Debug;
		};
		02E13D622456AE5E00B53D83 /* Release */ = {
			isa = XCBuildConfiguration;
			buildSettings = {
				ALWAYS_SEARCH_USER_PATHS = NO;
				CLANG_ANALYZER_NONNULL = YES;
				CLANG_ANALYZER_NUMBER_OBJECT_CONVERSION = YES_AGGRESSIVE;
				CLANG_CXX_LANGUAGE_STANDARD = "gnu++14";
				CLANG_CXX_LIBRARY = "libc++";
				CLANG_ENABLE_MODULES = YES;
				CLANG_ENABLE_OBJC_ARC = YES;
				CLANG_ENABLE_OBJC_WEAK = YES;
				CLANG_WARN_BLOCK_CAPTURE_AUTORELEASING = YES;
				CLANG_WARN_BOOL_CONVERSION = YES;
				CLANG_WARN_COMMA = YES;
				CLANG_WARN_CONSTANT_CONVERSION = YES;
				CLANG_WARN_DEPRECATED_OBJC_IMPLEMENTATIONS = YES;
				CLANG_WARN_DIRECT_OBJC_ISA_USAGE = YES_ERROR;
				CLANG_WARN_DOCUMENTATION_COMMENTS = YES;
				CLANG_WARN_EMPTY_BODY = YES;
				CLANG_WARN_ENUM_CONVERSION = YES;
				CLANG_WARN_INFINITE_RECURSION = YES;
				CLANG_WARN_INT_CONVERSION = YES;
				CLANG_WARN_NON_LITERAL_NULL_CONVERSION = YES;
				CLANG_WARN_OBJC_IMPLICIT_RETAIN_SELF = YES;
				CLANG_WARN_OBJC_LITERAL_CONVERSION = YES;
				CLANG_WARN_OBJC_ROOT_CLASS = YES_ERROR;
				CLANG_WARN_RANGE_LOOP_ANALYSIS = YES;
				CLANG_WARN_STRICT_PROTOTYPES = YES;
				CLANG_WARN_SUSPICIOUS_MOVE = YES;
				CLANG_WARN_UNGUARDED_AVAILABILITY = YES_AGGRESSIVE;
				CLANG_WARN_UNREACHABLE_CODE = YES;
				CLANG_WARN__DUPLICATE_METHOD_MATCH = YES;
				COPY_PHASE_STRIP = NO;
				DEBUG_INFORMATION_FORMAT = "dwarf-with-dsym";
				ENABLE_NS_ASSERTIONS = NO;
				ENABLE_STRICT_OBJC_MSGSEND = YES;
				GCC_C_LANGUAGE_STANDARD = gnu11;
				GCC_NO_COMMON_BLOCKS = YES;
				GCC_WARN_64_TO_32_BIT_CONVERSION = YES;
				GCC_WARN_ABOUT_RETURN_TYPE = YES_ERROR;
				GCC_WARN_UNDECLARED_SELECTOR = YES;
				GCC_WARN_UNINITIALIZED_AUTOS = YES_AGGRESSIVE;
				GCC_WARN_UNUSED_FUNCTION = YES;
				GCC_WARN_UNUSED_VARIABLE = YES;
				IPHONEOS_DEPLOYMENT_TARGET = 13.2;
				MTL_ENABLE_DEBUG_INFO = NO;
				MTL_FAST_MATH = YES;
				SDKROOT = iphoneos;
				SWIFT_COMPILATION_MODE = wholemodule;
				SWIFT_OPTIMIZATION_LEVEL = "-O";
				VALIDATE_PRODUCT = YES;
			};
			name = Release;
		};
		02E13D642456AE5E00B53D83 /* Debug */ = {
			isa = XCBuildConfiguration;
			buildSettings = {
				ASSETCATALOG_COMPILER_APPICON_NAME = AppIcon;
				CODE_SIGN_STYLE = Automatic;
				DEVELOPMENT_TEAM = 7X9L68X5FM;
				INFOPLIST_FILE = Slider/Info.plist;
				LD_RUNPATH_SEARCH_PATHS = (
					"$(inherited)",
					"@executable_path/Frameworks",
				);
				PRODUCT_BUNDLE_IDENTIFIER = "Mobile-Matrix.Slider";
				PRODUCT_NAME = "$(TARGET_NAME)";
				SWIFT_VERSION = 5.0;
				TARGETED_DEVICE_FAMILY = "1,2";
			};
			name = Debug;
		};
		02E13D652456AE5E00B53D83 /* Release */ = {
			isa = XCBuildConfiguration;
			buildSettings = {
				ASSETCATALOG_COMPILER_APPICON_NAME = AppIcon;
				CODE_SIGN_STYLE = Automatic;
				DEVELOPMENT_TEAM = 7X9L68X5FM;
				INFOPLIST_FILE = Slider/Info.plist;
				LD_RUNPATH_SEARCH_PATHS = (
					"$(inherited)",
					"@executable_path/Frameworks",
				);
				PRODUCT_BUNDLE_IDENTIFIER = "Mobile-Matrix.Slider";
				PRODUCT_NAME = "$(TARGET_NAME)";
				SWIFT_VERSION = 5.0;
				TARGETED_DEVICE_FAMILY = "1,2";
			};
			name = Release;
		};
		02E13D672456AE5E00B53D83 /* Debug */ = {
			isa = XCBuildConfiguration;
			buildSettings = {
				ALWAYS_EMBED_SWIFT_STANDARD_LIBRARIES = YES;
				BUNDLE_LOADER = "$(TEST_HOST)";
				CODE_SIGN_STYLE = Automatic;
				DEVELOPMENT_TEAM = 7X9L68X5FM;
				INFOPLIST_FILE = SliderTests/Info.plist;
				IPHONEOS_DEPLOYMENT_TARGET = 13.2;
				LD_RUNPATH_SEARCH_PATHS = (
					"$(inherited)",
					"@executable_path/Frameworks",
					"@loader_path/Frameworks",
				);
				PRODUCT_BUNDLE_IDENTIFIER = "Mobile-Matrix.SliderTests";
				PRODUCT_NAME = "$(TARGET_NAME)";
				SWIFT_VERSION = 5.0;
				TARGETED_DEVICE_FAMILY = "1,2";
				TEST_HOST = "$(BUILT_PRODUCTS_DIR)/Slider.app/Slider";
			};
			name = Debug;
		};
		02E13D682456AE5E00B53D83 /* Release */ = {
			isa = XCBuildConfiguration;
			buildSettings = {
				ALWAYS_EMBED_SWIFT_STANDARD_LIBRARIES = YES;
				BUNDLE_LOADER = "$(TEST_HOST)";
				CODE_SIGN_STYLE = Automatic;
				DEVELOPMENT_TEAM = 7X9L68X5FM;
				INFOPLIST_FILE = SliderTests/Info.plist;
				IPHONEOS_DEPLOYMENT_TARGET = 13.2;
				LD_RUNPATH_SEARCH_PATHS = (
					"$(inherited)",
					"@executable_path/Frameworks",
					"@loader_path/Frameworks",
				);
				PRODUCT_BUNDLE_IDENTIFIER = "Mobile-Matrix.SliderTests";
				PRODUCT_NAME = "$(TARGET_NAME)";
				SWIFT_VERSION = 5.0;
				TARGETED_DEVICE_FAMILY = "1,2";
				TEST_HOST = "$(BUILT_PRODUCTS_DIR)/Slider.app/Slider";
			};
			name = Release;
		};
		02E13D6A2456AE5E00B53D83 /* Debug */ = {
			isa = XCBuildConfiguration;
			buildSettings = {
				ALWAYS_EMBED_SWIFT_STANDARD_LIBRARIES = YES;
				CODE_SIGN_STYLE = Automatic;
				DEVELOPMENT_TEAM = 7X9L68X5FM;
				INFOPLIST_FILE = SliderUITests/Info.plist;
				LD_RUNPATH_SEARCH_PATHS = (
					"$(inherited)",
					"@executable_path/Frameworks",
					"@loader_path/Frameworks",
				);
				PRODUCT_BUNDLE_IDENTIFIER = "Mobile-Matrix.SliderUITests";
				PRODUCT_NAME = "$(TARGET_NAME)";
				SWIFT_VERSION = 5.0;
				TARGETED_DEVICE_FAMILY = "1,2";
				TEST_TARGET_NAME = Slider;
			};
			name = Debug;
		};
		02E13D6B2456AE5E00B53D83 /* Release */ = {
			isa = XCBuildConfiguration;
			buildSettings = {
				ALWAYS_EMBED_SWIFT_STANDARD_LIBRARIES = YES;
				CODE_SIGN_STYLE = Automatic;
				DEVELOPMENT_TEAM = 7X9L68X5FM;
				INFOPLIST_FILE = SliderUITests/Info.plist;
				LD_RUNPATH_SEARCH_PATHS = (
					"$(inherited)",
					"@executable_path/Frameworks",
					"@loader_path/Frameworks",
				);
				PRODUCT_BUNDLE_IDENTIFIER = "Mobile-Matrix.SliderUITests";
				PRODUCT_NAME = "$(TARGET_NAME)";
				SWIFT_VERSION = 5.0;
				TARGETED_DEVICE_FAMILY = "1,2";
				TEST_TARGET_NAME = Slider;
			};
			name = Release;
		};
/* End XCBuildConfiguration section */

/* Begin XCConfigurationList section */
		02E13D342456AE5900B53D83 /* Build configuration list for PBXProject "Slider" */ = {
			isa = XCConfigurationList;
			buildConfigurations = (
				02E13D612456AE5E00B53D83 /* Debug */,
				02E13D622456AE5E00B53D83 /* Release */,
			);
			defaultConfigurationIsVisible = 0;
			defaultConfigurationName = Release;
		};
		02E13D632456AE5E00B53D83 /* Build configuration list for PBXNativeTarget "Slider" */ = {
			isa = XCConfigurationList;
			buildConfigurations = (
				02E13D642456AE5E00B53D83 /* Debug */,
				02E13D652456AE5E00B53D83 /* Release */,
			);
			defaultConfigurationIsVisible = 0;
			defaultConfigurationName = Release;
		};
		02E13D662456AE5E00B53D83 /* Build configuration list for PBXNativeTarget "SliderTests" */ = {
			isa = XCConfigurationList;
			buildConfigurations = (
				02E13D672456AE5E00B53D83 /* Debug */,
				02E13D682456AE5E00B53D83 /* Release */,
			);
			defaultConfigurationIsVisible = 0;
			defaultConfigurationName = Release;
		};
		02E13D692456AE5E00B53D83 /* Build configuration list for PBXNativeTarget "SliderUITests" */ = {
			isa = XCConfigurationList;
			buildConfigurations = (
				02E13D6A2456AE5E00B53D83 /* Debug */,
				02E13D6B2456AE5E00B53D83 /* Release */,
			);
			defaultConfigurationIsVisible = 0;
			defaultConfigurationName = Release;
		};
/* End XCConfigurationList section */
	};
	rootObject = 02E13D312456AE5900B53D83 /* Project object */;
}
